// !$*UTF8*$!
{
	archiveVersion = 1;
	classes = {
	};
	objectVersion = 51;
	objects = {

/* Begin PBXBuildFile section */
		561808A226AF7D5800480A2E /* AppDelegate.swift in Sources */ = {isa = PBXBuildFile; fileRef = 561808A026AF7D1800480A2E /* AppDelegate.swift */; };
		561808A326AF7D5A00480A2E /* SceneDelegate.swift in Sources */ = {isa = PBXBuildFile; fileRef = 561808A126AF7D1800480A2E /* SceneDelegate.swift */; };
		561808A626BCE44B00480A2E /* ProfileViewController.swift in Sources */ = {isa = PBXBuildFile; fileRef = 561808A526BCE44B00480A2E /* ProfileViewController.swift */; };
		561808AC26C2ECF100480A2E /* PhoneValidViewController.swift in Sources */ = {isa = PBXBuildFile; fileRef = 561808AB26C2ECF100480A2E /* PhoneValidViewController.swift */; };
		561808B026C2EDAF00480A2E /* OneTimeCodeTextField.swift in Sources */ = {isa = PBXBuildFile; fileRef = 561808AF26C2EDAF00480A2E /* OneTimeCodeTextField.swift */; };
		561808B626C5E54A00480A2E /* Main.storyboard in Resources */ = {isa = PBXBuildFile; fileRef = 561808B526C5E54A00480A2E /* Main.storyboard */; };
		561FE4F3266D318400E117D0 /* Assets.xcassets in Resources */ = {isa = PBXBuildFile; fileRef = 561FE4F2266D318400E117D0 /* Assets.xcassets */; };
		562B0F4B268F8E9A00B46B7E /* Launch Screen.storyboard in Resources */ = {isa = PBXBuildFile; fileRef = 562B0F4A268F8E9A00B46B7E /* Launch Screen.storyboard */; };
		564BA534272B526C00B9BCC8 /* AnnotationDetailViewController.xib in Resources */ = {isa = PBXBuildFile; fileRef = 564BA533272B526C00B9BCC8 /* AnnotationDetailViewController.xib */; };
		564BA5372731095F00B9BCC8 /* AddNewFieldViewController.swift in Sources */ = {isa = PBXBuildFile; fileRef = 564BA5362731095F00B9BCC8 /* AddNewFieldViewController.swift */; };
		56DA5C9A271F7F0800C00C96 /* PinInfoAnnotation.swift in Sources */ = {isa = PBXBuildFile; fileRef = 56DA5C99271F7F0800C00C96 /* PinInfoAnnotation.swift */; };
		56DA5C9C271F7F2E00C00C96 /* PinAnnotation.swift in Sources */ = {isa = PBXBuildFile; fileRef = 56DA5C9B271F7F2E00C00C96 /* PinAnnotation.swift */; };
		56DA5CA6272A83A400C00C96 /* AnnotationDetailViewController.swift in Sources */ = {isa = PBXBuildFile; fileRef = 56DA5CA5272A83A400C00C96 /* AnnotationDetailViewController.swift */; };
		56FFAF982672CE000087D5EC /* LoginViewController.swift in Sources */ = {isa = PBXBuildFile; fileRef = 56FFAF972672CE000087D5EC /* LoginViewController.swift */; };
		56FFAF9A2672D27A0087D5EC /* RegisterViewController.swift in Sources */ = {isa = PBXBuildFile; fileRef = 56FFAF992672D27A0087D5EC /* RegisterViewController.swift */; };
		56FFAF9C2672D3EE0087D5EC /* GoogleService-Info.plist in Resources */ = {isa = PBXBuildFile; fileRef = 56FFAF9B2672D3EE0087D5EC /* GoogleService-Info.plist */; };
		56FFAF9E267411CB0087D5EC /* MainMenuController.swift in Sources */ = {isa = PBXBuildFile; fileRef = 56FFAF9D267411CB0087D5EC /* MainMenuController.swift */; };
		BE3129F72C263B5FEE0BB0F5 /* Pods_PiCKUP.framework in Frameworks */ = {isa = PBXBuildFile; fileRef = B771C6C08CDB83A5BB8FEF86 /* Pods_PiCKUP.framework */; };
/* End PBXBuildFile section */

/* Begin PBXFileReference section */
		36E2318E000424318C773D58 /* Pods-PiCKUP.release.xcconfig */ = {isa = PBXFileReference; includeInIndex = 1; lastKnownFileType = text.xcconfig; name = "Pods-PiCKUP.release.xcconfig"; path = "Target Support Files/Pods-PiCKUP/Pods-PiCKUP.release.xcconfig"; sourceTree = "<group>"; };
		561808A026AF7D1800480A2E /* AppDelegate.swift */ = {isa = PBXFileReference; lastKnownFileType = sourcecode.swift; path = AppDelegate.swift; sourceTree = "<group>"; };
		561808A126AF7D1800480A2E /* SceneDelegate.swift */ = {isa = PBXFileReference; lastKnownFileType = sourcecode.swift; path = SceneDelegate.swift; sourceTree = "<group>"; };
		561808A526BCE44B00480A2E /* ProfileViewController.swift */ = {isa = PBXFileReference; lastKnownFileType = sourcecode.swift; path = ProfileViewController.swift; sourceTree = "<group>"; };
		561808AB26C2ECF100480A2E /* PhoneValidViewController.swift */ = {isa = PBXFileReference; lastKnownFileType = sourcecode.swift; path = PhoneValidViewController.swift; sourceTree = "<group>"; };
		561808AF26C2EDAF00480A2E /* OneTimeCodeTextField.swift */ = {isa = PBXFileReference; lastKnownFileType = sourcecode.swift; path = OneTimeCodeTextField.swift; sourceTree = "<group>"; };
		561808B526C5E54A00480A2E /* Main.storyboard */ = {isa = PBXFileReference; fileEncoding = 4; lastKnownFileType = file.storyboard; name = Main.storyboard; path = ../../../Desktop/PiCKUP/Main.storyboard; sourceTree = "<group>"; };
		561FE4E6266D318300E117D0 /* PiCKUP.app */ = {isa = PBXFileReference; explicitFileType = wrapper.application; includeInIndex = 0; path = PiCKUP.app; sourceTree = BUILT_PRODUCTS_DIR; };
		561FE4F2266D318400E117D0 /* Assets.xcassets */ = {isa = PBXFileReference; lastKnownFileType = folder.assetcatalog; path = Assets.xcassets; sourceTree = "<group>"; };
		561FE4F7266D318400E117D0 /* Info.plist */ = {isa = PBXFileReference; lastKnownFileType = text.plist.xml; path = Info.plist; sourceTree = "<group>"; };
		562B0F4A268F8E9A00B46B7E /* Launch Screen.storyboard */ = {isa = PBXFileReference; lastKnownFileType = file.storyboard; path = "Launch Screen.storyboard"; sourceTree = "<group>"; };
		564BA533272B526C00B9BCC8 /* AnnotationDetailViewController.xib */ = {isa = PBXFileReference; lastKnownFileType = file.xib; path = AnnotationDetailViewController.xib; sourceTree = "<group>"; };
		564BA5362731095F00B9BCC8 /* AddNewFieldViewController.swift */ = {isa = PBXFileReference; lastKnownFileType = sourcecode.swift; path = AddNewFieldViewController.swift; sourceTree = "<group>"; };
		56DA5C99271F7F0800C00C96 /* PinInfoAnnotation.swift */ = {isa = PBXFileReference; lastKnownFileType = sourcecode.swift; path = PinInfoAnnotation.swift; sourceTree = "<group>"; };
		56DA5C9B271F7F2E00C00C96 /* PinAnnotation.swift */ = {isa = PBXFileReference; lastKnownFileType = sourcecode.swift; path = PinAnnotation.swift; sourceTree = "<group>"; };
		56DA5CA5272A83A400C00C96 /* AnnotationDetailViewController.swift */ = {isa = PBXFileReference; lastKnownFileType = sourcecode.swift; path = AnnotationDetailViewController.swift; sourceTree = "<group>"; };
		56FFAF972672CE000087D5EC /* LoginViewController.swift */ = {isa = PBXFileReference; lastKnownFileType = sourcecode.swift; path = LoginViewController.swift; sourceTree = "<group>"; };
		56FFAF992672D27A0087D5EC /* RegisterViewController.swift */ = {isa = PBXFileReference; lastKnownFileType = sourcecode.swift; path = RegisterViewController.swift; sourceTree = "<group>"; };
		56FFAF9B2672D3EE0087D5EC /* GoogleService-Info.plist */ = {isa = PBXFileReference; fileEncoding = 4; lastKnownFileType = text.plist.xml; name = "GoogleService-Info.plist"; path = "../../../Downloads/GoogleService-Info.plist"; sourceTree = "<group>"; };
		56FFAF9D267411CB0087D5EC /* MainMenuController.swift */ = {isa = PBXFileReference; lastKnownFileType = sourcecode.swift; path = MainMenuController.swift; sourceTree = "<group>"; };
		B771C6C08CDB83A5BB8FEF86 /* Pods_PiCKUP.framework */ = {isa = PBXFileReference; explicitFileType = wrapper.framework; includeInIndex = 0; path = Pods_PiCKUP.framework; sourceTree = BUILT_PRODUCTS_DIR; };
		D0FF5F497D04E01C66A9ABA0 /* Pods-PiCKUP.debug.xcconfig */ = {isa = PBXFileReference; includeInIndex = 1; lastKnownFileType = text.xcconfig; name = "Pods-PiCKUP.debug.xcconfig"; path = "Target Support Files/Pods-PiCKUP/Pods-PiCKUP.debug.xcconfig"; sourceTree = "<group>"; };
/* End PBXFileReference section */

/* Begin PBXFrameworksBuildPhase section */
		561FE4E3266D318300E117D0 /* Frameworks */ = {
			isa = PBXFrameworksBuildPhase;
			buildActionMask = 2147483647;
			files = (
				BE3129F72C263B5FEE0BB0F5 /* Pods_PiCKUP.framework in Frameworks */,
			);
			runOnlyForDeploymentPostprocessing = 0;
		};
/* End PBXFrameworksBuildPhase section */

/* Begin PBXGroup section */
		42EE005F676097410E2C140F /* Pods */ = {
			isa = PBXGroup;
			children = (
				D0FF5F497D04E01C66A9ABA0 /* Pods-PiCKUP.debug.xcconfig */,
				36E2318E000424318C773D58 /* Pods-PiCKUP.release.xcconfig */,
			);
			path = Pods;
			sourceTree = "<group>";
		};
		52916735E3BD33E580BC6DEC /* Frameworks */ = {
			isa = PBXGroup;
			children = (
				B771C6C08CDB83A5BB8FEF86 /* Pods_PiCKUP.framework */,
			);
			name = Frameworks;
			sourceTree = "<group>";
		};
		5618087826AF7C1100480A2E /* Views */ = {
			isa = PBXGroup;
			children = (
			);
			path = Views;
			sourceTree = "<group>";
		};
		561FE4DD266D318300E117D0 = {
			isa = PBXGroup;
			children = (
				561FE4E8266D318300E117D0 /* PiCKUP */,
				561FE4E7266D318300E117D0 /* Products */,
				42EE005F676097410E2C140F /* Pods */,
				52916735E3BD33E580BC6DEC /* Frameworks */,
			);
			sourceTree = "<group>";
		};
		561FE4E7266D318300E117D0 /* Products */ = {
			isa = PBXGroup;
			children = (
				561FE4E6266D318300E117D0 /* PiCKUP.app */,
			);
			name = Products;
			sourceTree = "<group>";
		};
		561FE4E8266D318300E117D0 /* PiCKUP */ = {
			isa = PBXGroup;
			children = (
				5618087826AF7C1100480A2E /* Views */,
				56FFAFA5267D33A50087D5EC /* Controller */,
				561FE4F2266D318400E117D0 /* Assets.xcassets */,
				561808B526C5E54A00480A2E /* Main.storyboard */,
				564BA533272B526C00B9BCC8 /* AnnotationDetailViewController.xib */,
				561FE4F7266D318400E117D0 /* Info.plist */,
				56FFAF9B2672D3EE0087D5EC /* GoogleService-Info.plist */,
				562B0F4A268F8E9A00B46B7E /* Launch Screen.storyboard */,
				561808A026AF7D1800480A2E /* AppDelegate.swift */,
				561808A126AF7D1800480A2E /* SceneDelegate.swift */,
			);
			path = PiCKUP;
			sourceTree = "<group>";
		};
		564BA5352731093700B9BCC8 /* Add */ = {
			isa = PBXGroup;
			children = (
				564BA5362731095F00B9BCC8 /* AddNewFieldViewController.swift */,
			);
			path = Add;
			sourceTree = "<group>";
		};
		5650B42226DCA16D00A7C2C0 /* Main */ = {
			isa = PBXGroup;
			children = (
				56FFAF9D267411CB0087D5EC /* MainMenuController.swift */,
				56DA5C9B271F7F2E00C00C96 /* PinAnnotation.swift */,
				56DA5CA5272A83A400C00C96 /* AnnotationDetailViewController.swift */,
				56DA5C99271F7F0800C00C96 /* PinInfoAnnotation.swift */,
			);
			path = Main;
			sourceTree = "<group>";
		};
		56DA5CA4272A825700C00C96 /* Profile */ = {
			isa = PBXGroup;
			children = (
				561808A526BCE44B00480A2E /* ProfileViewController.swift */,
				561808AB26C2ECF100480A2E /* PhoneValidViewController.swift */,
				561808AF26C2EDAF00480A2E /* OneTimeCodeTextField.swift */,
			);
			path = Profile;
			sourceTree = "<group>";
		};
		56DA5CA7272A83B600C00C96 /* Login */ = {
			isa = PBXGroup;
			children = (
				56FFAF972672CE000087D5EC /* LoginViewController.swift */,
				56FFAF992672D27A0087D5EC /* RegisterViewController.swift */,
			);
			path = Login;
			sourceTree = "<group>";
		};
		56FFAFA5267D33A50087D5EC /* Controller */ = {
			isa = PBXGroup;
			children = (
				56DA5CA7272A83B600C00C96 /* Login */,
				5650B42226DCA16D00A7C2C0 /* Main */,
				564BA5352731093700B9BCC8 /* Add */,
				56DA5CA4272A825700C00C96 /* Profile */,
			);
			path = Controller;
			sourceTree = "<group>";
		};
/* End PBXGroup section */

/* Begin PBXNativeTarget section */
		561FE4E5266D318300E117D0 /* PiCKUP */ = {
			isa = PBXNativeTarget;
			buildConfigurationList = 561FE4FA266D318400E117D0 /* Build configuration list for PBXNativeTarget "PiCKUP" */;
			buildPhases = (
				0FA73804364C8916E4E94FA2 /* [CP] Check Pods Manifest.lock */,
				561FE4E2266D318300E117D0 /* Sources */,
				561FE4E3266D318300E117D0 /* Frameworks */,
				561FE4E4266D318300E117D0 /* Resources */,
				1C8FABFEC3B012D01C8EFC01 /* [CP] Embed Pods Frameworks */,
			);
			buildRules = (
			);
			dependencies = (
			);
			name = PiCKUP;
			productName = PiCKUP;
			productReference = 561FE4E6266D318300E117D0 /* PiCKUP.app */;
			productType = "com.apple.product-type.application";
		};
/* End PBXNativeTarget section */

/* Begin PBXProject section */
		561FE4DE266D318300E117D0 /* Project object */ = {
			isa = PBXProject;
			attributes = {
				LastSwiftUpdateCheck = 1250;
				LastUpgradeCheck = 1250;
				TargetAttributes = {
					561FE4E5266D318300E117D0 = {
						CreatedOnToolsVersion = 12.5;
					};
				};
			};
			buildConfigurationList = 561FE4E1266D318300E117D0 /* Build configuration list for PBXProject "PiCKUP" */;
			compatibilityVersion = "Xcode 9.3";
			developmentRegion = en;
			hasScannedForEncodings = 0;
			knownRegions = (
				en,
				Base,
			);
			mainGroup = 561FE4DD266D318300E117D0;
			productRefGroup = 561FE4E7266D318300E117D0 /* Products */;
			projectDirPath = "";
			projectRoot = "";
			targets = (
				561FE4E5266D318300E117D0 /* PiCKUP */,
			);
		};
/* End PBXProject section */

/* Begin PBXResourcesBuildPhase section */
		561FE4E4266D318300E117D0 /* Resources */ = {
			isa = PBXResourcesBuildPhase;
			buildActionMask = 2147483647;
			files = (
				56FFAF9C2672D3EE0087D5EC /* GoogleService-Info.plist in Resources */,
				562B0F4B268F8E9A00B46B7E /* Launch Screen.storyboard in Resources */,
				561FE4F3266D318400E117D0 /* Assets.xcassets in Resources */,
				564BA534272B526C00B9BCC8 /* AnnotationDetailViewController.xib in Resources */,
				561808B626C5E54A00480A2E /* Main.storyboard in Resources */,
			);
			runOnlyForDeploymentPostprocessing = 0;
		};
/* End PBXResourcesBuildPhase section */

/* Begin PBXShellScriptBuildPhase section */
		0FA73804364C8916E4E94FA2 /* [CP] Check Pods Manifest.lock */ = {
			isa = PBXShellScriptBuildPhase;
			buildActionMask = 2147483647;
			files = (
			);
			inputFileListPaths = (
			);
			inputPaths = (
				"${PODS_PODFILE_DIR_PATH}/Podfile.lock",
				"${PODS_ROOT}/Manifest.lock",
			);
			name = "[CP] Check Pods Manifest.lock";
			outputFileListPaths = (
			);
			outputPaths = (
				"$(DERIVED_FILE_DIR)/Pods-PiCKUP-checkManifestLockResult.txt",
			);
			runOnlyForDeploymentPostprocessing = 0;
			shellPath = /bin/sh;
			shellScript = "diff \"${PODS_PODFILE_DIR_PATH}/Podfile.lock\" \"${PODS_ROOT}/Manifest.lock\" > /dev/null\nif [ $? != 0 ] ; then\n    # print error to STDERR\n    echo \"error: The sandbox is not in sync with the Podfile.lock. Run 'pod install' or update your CocoaPods installation.\" >&2\n    exit 1\nfi\n# This output is used by Xcode 'outputs' to avoid re-running this script phase.\necho \"SUCCESS\" > \"${SCRIPT_OUTPUT_FILE_0}\"\n";
			showEnvVarsInLog = 0;
		};
		1C8FABFEC3B012D01C8EFC01 /* [CP] Embed Pods Frameworks */ = {
			isa = PBXShellScriptBuildPhase;
			buildActionMask = 2147483647;
			files = (
			);
			inputFileListPaths = (
				"${PODS_ROOT}/Target Support Files/Pods-PiCKUP/Pods-PiCKUP-frameworks-${CONFIGURATION}-input-files.xcfilelist",
			);
			name = "[CP] Embed Pods Frameworks";
			outputFileListPaths = (
				"${PODS_ROOT}/Target Support Files/Pods-PiCKUP/Pods-PiCKUP-frameworks-${CONFIGURATION}-output-files.xcfilelist",
			);
			runOnlyForDeploymentPostprocessing = 0;
			shellPath = /bin/sh;
			shellScript = "\"${PODS_ROOT}/Target Support Files/Pods-PiCKUP/Pods-PiCKUP-frameworks.sh\"\n";
			showEnvVarsInLog = 0;
		};
/* End PBXShellScriptBuildPhase section */

/* Begin PBXSourcesBuildPhase section */
		561FE4E2266D318300E117D0 /* Sources */ = {
			isa = PBXSourcesBuildPhase;
			buildActionMask = 2147483647;
			files = (
				564BA5372731095F00B9BCC8 /* AddNewFieldViewController.swift in Sources */,
				56FFAF982672CE000087D5EC /* LoginViewController.swift in Sources */,
				56DA5C9A271F7F0800C00C96 /* PinInfoAnnotation.swift in Sources */,
				56FFAF9A2672D27A0087D5EC /* RegisterViewController.swift in Sources */,
				56DA5CA6272A83A400C00C96 /* AnnotationDetailViewController.swift in Sources */,
				561808A226AF7D5800480A2E /* AppDelegate.swift in Sources */,
				56DA5C9C271F7F2E00C00C96 /* PinAnnotation.swift in Sources */,
				561808A626BCE44B00480A2E /* ProfileViewController.swift in Sources */,
				56FFAF9E267411CB0087D5EC /* MainMenuController.swift in Sources */,
				561808A326AF7D5A00480A2E /* SceneDelegate.swift in Sources */,
				561808AC26C2ECF100480A2E /* PhoneValidViewController.swift in Sources */,
				561808B026C2EDAF00480A2E /* OneTimeCodeTextField.swift in Sources */,
			);
			runOnlyForDeploymentPostprocessing = 0;
		};
/* End PBXSourcesBuildPhase section */

/* Begin XCBuildConfiguration section */
		561FE4F8266D318400E117D0 /* Debug */ = {
			isa = XCBuildConfiguration;
			buildSettings = {
				ALWAYS_SEARCH_USER_PATHS = NO;
				CLANG_ANALYZER_NONNULL = YES;
				CLANG_ANALYZER_NUMBER_OBJECT_CONVERSION = YES_AGGRESSIVE;
				CLANG_CXX_LANGUAGE_STANDARD = "gnu++14";
				CLANG_CXX_LIBRARY = "libc++";
				CLANG_ENABLE_MODULES = YES;
				CLANG_ENABLE_OBJC_ARC = YES;
				CLANG_ENABLE_OBJC_WEAK = YES;
				CLANG_WARN_BLOCK_CAPTURE_AUTORELEASING = YES;
				CLANG_WARN_BOOL_CONVERSION = YES;
				CLANG_WARN_COMMA = YES;
				CLANG_WARN_CONSTANT_CONVERSION = YES;
				CLANG_WARN_DEPRECATED_OBJC_IMPLEMENTATIONS = YES;
				CLANG_WARN_DIRECT_OBJC_ISA_USAGE = YES_ERROR;
				CLANG_WARN_DOCUMENTATION_COMMENTS = YES;
				CLANG_WARN_EMPTY_BODY = YES;
				CLANG_WARN_ENUM_CONVERSION = YES;
				CLANG_WARN_INFINITE_RECURSION = YES;
				CLANG_WARN_INT_CONVERSION = YES;
				CLANG_WARN_NON_LITERAL_NULL_CONVERSION = YES;
				CLANG_WARN_OBJC_IMPLICIT_RETAIN_SELF = YES;
				CLANG_WARN_OBJC_LITERAL_CONVERSION = YES;
				CLANG_WARN_OBJC_ROOT_CLASS = YES_ERROR;
				CLANG_WARN_QUOTED_INCLUDE_IN_FRAMEWORK_HEADER = YES;
				CLANG_WARN_RANGE_LOOP_ANALYSIS = YES;
				CLANG_WARN_STRICT_PROTOTYPES = YES;
				CLANG_WARN_SUSPICIOUS_MOVE = YES;
				CLANG_WARN_UNGUARDED_AVAILABILITY = YES_AGGRESSIVE;
				CLANG_WARN_UNREACHABLE_CODE = YES;
				CLANG_WARN__DUPLICATE_METHOD_MATCH = YES;
				COPY_PHASE_STRIP = NO;
				DEBUG_INFORMATION_FORMAT = dwarf;
				ENABLE_STRICT_OBJC_MSGSEND = YES;
				ENABLE_TESTABILITY = YES;
				GCC_C_LANGUAGE_STANDARD = gnu11;
				GCC_DYNAMIC_NO_PIC = NO;
				GCC_NO_COMMON_BLOCKS = YES;
				GCC_OPTIMIZATION_LEVEL = 0;
				GCC_PREPROCESSOR_DEFINITIONS = (
					"DEBUG=1",
					"$(inherited)",
				);
				GCC_WARN_64_TO_32_BIT_CONVERSION = YES;
				GCC_WARN_ABOUT_RETURN_TYPE = YES_ERROR;
				GCC_WARN_UNDECLARED_SELECTOR = YES;
				GCC_WARN_UNINITIALIZED_AUTOS = YES_AGGRESSIVE;
				GCC_WARN_UNUSED_FUNCTION = YES;
				GCC_WARN_UNUSED_VARIABLE = YES;
				IPHONEOS_DEPLOYMENT_TARGET = 14.5;
				MTL_ENABLE_DEBUG_INFO = INCLUDE_SOURCE;
				MTL_FAST_MATH = YES;
				ONLY_ACTIVE_ARCH = YES;
				SDKROOT = iphoneos;
				SWIFT_ACTIVE_COMPILATION_CONDITIONS = DEBUG;
				SWIFT_OPTIMIZATION_LEVEL = "-Onone";
			};
			name = Debug;
		};
		561FE4F9266D318400E117D0 /* Release */ = {
			isa = XCBuildConfiguration;
			buildSettings = {
				ALWAYS_SEARCH_USER_PATHS = NO;
				CLANG_ANALYZER_NONNULL = YES;
				CLANG_ANALYZER_NUMBER_OBJECT_CONVERSION = YES_AGGRESSIVE;
				CLANG_CXX_LANGUAGE_STANDARD = "gnu++14";
				CLANG_CXX_LIBRARY = "libc++";
				CLANG_ENABLE_MODULES = YES;
				CLANG_ENABLE_OBJC_ARC = YES;
				CLANG_ENABLE_OBJC_WEAK = YES;
				CLANG_WARN_BLOCK_CAPTURE_AUTORELEASING = YES;
				CLANG_WARN_BOOL_CONVERSION = YES;
				CLANG_WARN_COMMA = YES;
				CLANG_WARN_CONSTANT_CONVERSION = YES;
				CLANG_WARN_DEPRECATED_OBJC_IMPLEMENTATIONS = YES;
				CLANG_WARN_DIRECT_OBJC_ISA_USAGE = YES_ERROR;
				CLANG_WARN_DOCUMENTATION_COMMENTS = YES;
				CLANG_WARN_EMPTY_BODY = YES;
				CLANG_WARN_ENUM_CONVERSION = YES;
				CLANG_WARN_INFINITE_RECURSION = YES;
				CLANG_WARN_INT_CONVERSION = YES;
				CLANG_WARN_NON_LITERAL_NULL_CONVERSION = YES;
				CLANG_WARN_OBJC_IMPLICIT_RETAIN_SELF = YES;
				CLANG_WARN_OBJC_LITERAL_CONVERSION = YES;
				CLANG_WARN_OBJC_ROOT_CLASS = YES_ERROR;
				CLANG_WARN_QUOTED_INCLUDE_IN_FRAMEWORK_HEADER = YES;
				CLANG_WARN_RANGE_LOOP_ANALYSIS = YES;
				CLANG_WARN_STRICT_PROTOTYPES = YES;
				CLANG_WARN_SUSPICIOUS_MOVE = YES;
				CLANG_WARN_UNGUARDED_AVAILABILITY = YES_AGGRESSIVE;
				CLANG_WARN_UNREACHABLE_CODE = YES;
				CLANG_WARN__DUPLICATE_METHOD_MATCH = YES;
				COPY_PHASE_STRIP = NO;
				DEBUG_INFORMATION_FORMAT = "dwarf-with-dsym";
				ENABLE_NS_ASSERTIONS = NO;
				ENABLE_STRICT_OBJC_MSGSEND = YES;
				GCC_C_LANGUAGE_STANDARD = gnu11;
				GCC_NO_COMMON_BLOCKS = YES;
				GCC_WARN_64_TO_32_BIT_CONVERSION = YES;
				GCC_WARN_ABOUT_RETURN_TYPE = YES_ERROR;
				GCC_WARN_UNDECLARED_SELECTOR = YES;
				GCC_WARN_UNINITIALIZED_AUTOS = YES_AGGRESSIVE;
				GCC_WARN_UNUSED_FUNCTION = YES;
				GCC_WARN_UNUSED_VARIABLE = YES;
				IPHONEOS_DEPLOYMENT_TARGET = 14.5;
				MTL_ENABLE_DEBUG_INFO = NO;
				MTL_FAST_MATH = YES;
				SDKROOT = iphoneos;
				SWIFT_COMPILATION_MODE = wholemodule;
				SWIFT_OPTIMIZATION_LEVEL = "-O";
				VALIDATE_PRODUCT = YES;
			};
			name = Release;
		};
		561FE4FB266D318400E117D0 /* Debug */ = {
			isa = XCBuildConfiguration;
			baseConfigurationReference = D0FF5F497D04E01C66A9ABA0 /* Pods-PiCKUP.debug.xcconfig */;
			buildSettings = {
				ASSETCATALOG_COMPILER_APPICON_NAME = AppIcon;
				ASSETCATALOG_COMPILER_GLOBAL_ACCENT_COLOR_NAME = AccentColor;
				CODE_SIGN_STYLE = Automatic;
				DEVELOPMENT_TEAM = 42VXZMD96K;
				INFOPLIST_FILE = PiCKUP/Info.plist;
				LD_RUNPATH_SEARCH_PATHS = (
					"$(inherited)",
					"@executable_path/Frameworks",
				);
				PRODUCT_BUNDLE_IDENTIFIER = com.hubertlePiCKUP;
				PRODUCT_NAME = "$(TARGET_NAME)";
				SWIFT_VERSION = 5.0;
				TARGETED_DEVICE_FAMILY = "1,2";
			};
			name = Debug;
		};
		561FE4FC266D318400E117D0 /* Release */ = {
			isa = XCBuildConfiguration;
			baseConfigurationReference = 36E2318E000424318C773D58 /* Pods-PiCKUP.release.xcconfig */;
			buildSettings = {
				ASSETCATALOG_COMPILER_APPICON_NAME = AppIcon;
				ASSETCATALOG_COMPILER_GLOBAL_ACCENT_COLOR_NAME = AccentColor;
				CODE_SIGN_STYLE = Automatic;
				DEVELOPMENT_TEAM = 42VXZMD96K;
				INFOPLIST_FILE = PiCKUP/Info.plist;
				LD_RUNPATH_SEARCH_PATHS = (
					"$(inherited)",
					"@executable_path/Frameworks",
				);
				PRODUCT_BUNDLE_IDENTIFIER = com.hubertlePiCKUP;
				PRODUCT_NAME = "$(TARGET_NAME)";
				SWIFT_VERSION = 5.0;
				TARGETED_DEVICE_FAMILY = "1,2";
			};
			name = Release;
		};
/* End XCBuildConfiguration section */

/* Begin XCConfigurationList section */
		561FE4E1266D318300E117D0 /* Build configuration list for PBXProject "PiCKUP" */ = {
			isa = XCConfigurationList;
			buildConfigurations = (
				561FE4F8266D318400E117D0 /* Debug */,
				561FE4F9266D318400E117D0 /* Release */,
			);
			defaultConfigurationIsVisible = 0;
			defaultConfigurationName = Release;
		};
		561FE4FA266D318400E117D0 /* Build configuration list for PBXNativeTarget "PiCKUP" */ = {
			isa = XCConfigurationList;
			buildConfigurations = (
				561FE4FB266D318400E117D0 /* Debug */,
				561FE4FC266D318400E117D0 /* Release */,
			);
			defaultConfigurationIsVisible = 0;
			defaultConfigurationName = Release;
		};
/* End XCConfigurationList section */
	};
	rootObject = 561FE4DE266D318300E117D0 /* Project object */;
}
